
Microsoft Visual Studio Solution File, Format Version 12.00
# Visual Studio Version 18
VisualStudioVersion = 18.1.11312.151 d18.0
MinimumVisualStudioVersion = 10.0.40219.1
Project("{FAE04EC0-301F-11D3-BF4B-00C04F79EFBC}") = "MalDash.API", "MalDash.API\MalDash.API.csproj", "{BB36CA3E-25E0-43A9-888C-E078CAF82ADB}"
EndProject
Project("{FAE04EC0-301F-11D3-BF4B-00C04F79EFBC}") = "MalDash.Domain", "MalDash.Domain\MalDash.Domain.csproj", "{80060BAE-5D8C-4D67-B3DC-15FB8614D69C}"
EndProject
Project("{FAE04EC0-301F-11D3-BF4B-00C04F79EFBC}") = "MalDash.Application", "MalDash.Application\MalDash.Application.csproj", "{6E217125-D2F6-4506-8A74-E502148380FA}"
EndProject
Project("{FAE04EC0-301F-11D3-BF4B-00C04F79EFBC}") = "MalDash.Infrastructure", "MalDash.Infrastructure\MalDash.Infrastructure.csproj", "{04254E07-B85F-447E-BB8A-AA2BCF85F4E7}"
EndProject
Project("{2150E333-8FDC-42A3-9474-1A3956D46DE8}") = "Src", "Src", "{02EA681E-C7D8-13C7-8484-4AC65E1B71E8}"
EndProject
Project("{2150E333-8FDC-42A3-9474-1A3956D46DE8}") = "Benchmarks", "Benchmarks", "{FC6A60F1-060A-42FC-AD41-B571BD6DA71D}"
EndProject
Project("{FAE04EC0-301F-11D3-BF4B-00C04F79EFBC}") = "MalDash.Benchmarks", "MalDash.Benchmarks\MalDash.Benchmarks.csproj", "{399BF5EF-78FF-423B-BF01-FDE69C64BD15}"
EndProject
Global
	GlobalSection(SolutionConfigurationPlatforms) = preSolution
		Debug|Any CPU = Debug|Any CPU
		Release|Any CPU = Release|Any CPU
	EndGlobalSection
	GlobalSection(ProjectConfigurationPlatforms) = postSolution
		{BB36CA3E-25E0-43A9-888C-E078CAF82ADB}.Debug|Any CPU.ActiveCfg = Debug|Any CPU
		{BB36CA3E-25E0-43A9-888C-E078CAF82ADB}.Debug|Any CPU.Build.0 = Debug|Any CPU
		{BB36CA3E-25E0-43A9-888C-E078CAF82ADB}.Release|Any CPU.ActiveCfg = Release|Any CPU
		{BB36CA3E-25E0-43A9-888C-E078CAF82ADB}.Release|Any CPU.Build.0 = Release|Any CPU
		{80060BAE-5D8C-4D67-B3DC-15FB8614D69C}.Debug|Any CPU.ActiveCfg = Debug|Any CPU
		{80060BAE-5D8C-4D67-B3DC-15FB8614D69C}.Debug|Any CPU.Build.0 = Debug|Any CPU
		{80060BAE-5D8C-4D67-B3DC-15FB8614D69C}.Release|Any CPU.ActiveCfg = Release|Any CPU
		{80060BAE-5D8C-4D67-B3DC-15FB8614D69C}.Release|Any CPU.Build.0 = Release|Any CPU
		{6E217125-D2F6-4506-8A74-E502148380FA}.Debug|Any CPU.ActiveCfg = Debug|Any CPU
		{6E217125-D2F6-4506-8A74-E502148380FA}.Debug|Any CPU.Build.0 = Debug|Any CPU
		{6E217125-D2F6-4506-8A74-E502148380FA}.Release|Any CPU.ActiveCfg = Release|Any CPU
		{6E217125-D2F6-4506-8A74-E502148380FA}.Release|Any CPU.Build.0 = Release|Any CPU
		{04254E07-B85F-447E-BB8A-AA2BCF85F4E7}.Debug|Any CPU.ActiveCfg = Debug|Any CPU
		{04254E07-B85F-447E-BB8A-AA2BCF85F4E7}.Debug|Any CPU.Build.0 = Debug|Any CPU
		{04254E07-B85F-447E-BB8A-AA2BCF85F4E7}.Release|Any CPU.ActiveCfg = Release|Any CPU
		{04254E07-B85F-447E-BB8A-AA2BCF85F4E7}.Release|Any CPU.Build.0 = Release|Any CPU
		{399BF5EF-78FF-423B-BF01-FDE69C64BD15}.Debug|Any CPU.ActiveCfg = Debug|Any CPU
		{399BF5EF-78FF-423B-BF01-FDE69C64BD15}.Debug|Any CPU.Build.0 = Debug|Any CPU
		{399BF5EF-78FF-423B-BF01-FDE69C64BD15}.Release|Any CPU.ActiveCfg = Release|Any CPU
		{399BF5EF-78FF-423B-BF01-FDE69C64BD15}.Release|Any CPU.Build.0 = Release|Any CPU
	EndGlobalSection
	GlobalSection(SolutionProperties) = preSolution
		HideSolutionNode = FALSE
	EndGlobalSection
	GlobalSection(NestedProjects) = preSolution
		{BB36CA3E-25E0-43A9-888C-E078CAF82ADB} = {02EA681E-C7D8-13C7-8484-4AC65E1B71E8}
		{80060BAE-5D8C-4D67-B3DC-15FB8614D69C} = {02EA681E-C7D8-13C7-8484-4AC65E1B71E8}
		{6E217125-D2F6-4506-8A74-E502148380FA} = {02EA681E-C7D8-13C7-8484-4AC65E1B71E8}
		{04254E07-B85F-447E-BB8A-AA2BCF85F4E7} = {02EA681E-C7D8-13C7-8484-4AC65E1B71E8}
		{399BF5EF-78FF-423B-BF01-FDE69C64BD15} = {FC6A60F1-060A-42FC-AD41-B571BD6DA71D}
	EndGlobalSection
	GlobalSection(ExtensibilityGlobals) = postSolution
		SolutionGuid = {54C99BE3-1528-4E78-BED5-484B07268AD6}
	EndGlobalSection
EndGlobal
